
Microsoft Visual Studio Solution File, Format Version 12.00
# Visual Studio Version 16
VisualStudioVersion = 16.0.30804.86
MinimumVisualStudioVersion = 10.0.40219.1
Project("{FAE04EC0-301F-11D3-BF4B-00C04F79EFBC}") = "Destino Certo", "Destino Certo\Destino Certo.csproj", "{3CA0A831-B874-4828-A947-A2F1EDA7E7FE}"
EndProject
Global
	GlobalSection(SolutionConfigurationPlatforms) = preSolution
		Debug|Any CPU = Debug|Any CPU
		Release|Any CPU = Release|Any CPU
	EndGlobalSection
	GlobalSection(ProjectConfigurationPlatforms) = postSolution
		{3CA0A831-B874-4828-A947-A2F1EDA7E7FE}.Debug|Any CPU.ActiveCfg = Debug|Any CPU
		{3CA0A831-B874-4828-A947-A2F1EDA7E7FE}.Debug|Any CPU.Build.0 = Debug|Any CPU
		{3CA0A831-B874-4828-A947-A2F1EDA7E7FE}.Release|Any CPU.ActiveCfg = Release|Any CPU
		{3CA0A831-B874-4828-A947-A2F1EDA7E7FE}.Release|Any CPU.Build.0 = Release|Any CPU
	EndGlobalSection
	GlobalSection(SolutionProperties) = preSolution
		HideSolutionNode = FALSE
	EndGlobalSection
	GlobalSection(ExtensibilityGlobals) = postSolution
		SolutionGuid = {87E08EEC-9FC6-4041-950C-35D729C7CF8B}
	EndGlobalSection
EndGlobal
